lockfileVersion: '9.0'

settings:
  autoInstallPeers: true
  excludeLinksFromLockfile: false

importers:

  .:
    devDependencies:
      '@biomejs/biome':
        specifier: 1.8.3
        version: 1.8.3
      cspell:
        specifier: 8.13.1
        version: 8.13.1
      husky:
        specifier: 9.1.4
        version: 9.1.4
      markdownlint:
        specifier: 0.34.0
        version: 0.34.0
      markdownlint-cli:
        specifier: 0.41.0
        version: 0.41.0

packages:

  '@biomejs/biome@1.8.3':
    resolution: {integrity: sha512-/uUV3MV+vyAczO+vKrPdOW0Iaet7UnJMU4bNMinggGJTAnBPjCoLEYcyYtYHNnUNYlv4xZMH6hVIQCAozq8d5w==}
    engines: {node: '>=14.21.3'}
    hasBin: true

  '@biomejs/cli-darwin-arm64@1.8.3':
    resolution: {integrity: sha512-9DYOjclFpKrH/m1Oz75SSExR8VKvNSSsLnVIqdnKexj6NwmiMlKk94Wa1kZEdv6MCOHGHgyyoV57Cw8WzL5n3A==}
    engines: {node: '>=14.21.3'}
    cpu: [arm64]
    os: [darwin]

  '@biomejs/cli-darwin-x64@1.8.3':
    resolution: {integrity: sha512-UeW44L/AtbmOF7KXLCoM+9PSgPo0IDcyEUfIoOXYeANaNXXf9mLUwV1GeF2OWjyic5zj6CnAJ9uzk2LT3v/wAw==}
    engines: {node: '>=14.21.3'}
    cpu: [x64]
    os: [darwin]

  '@biomejs/cli-linux-arm64-musl@1.8.3':
    resolution: {integrity: sha512-9yjUfOFN7wrYsXt/T/gEWfvVxKlnh3yBpnScw98IF+oOeCYb5/b/+K7YNqKROV2i1DlMjg9g/EcN9wvj+NkMuQ==}
    engines: {node: '>=14.21.3'}
    cpu: [arm64]
    os: [linux]

  '@biomejs/cli-linux-arm64@1.8.3':
    resolution: {integrity: sha512-fed2ji8s+I/m8upWpTJGanqiJ0rnlHOK3DdxsyVLZQ8ClY6qLuPc9uehCREBifRJLl/iJyQpHIRufLDeotsPtw==}
    engines: {node: '>=14.21.3'}
    cpu: [arm64]
    os: [linux]

  '@biomejs/cli-linux-x64-musl@1.8.3':
    resolution: {integrity: sha512-UHrGJX7PrKMKzPGoEsooKC9jXJMa28TUSMjcIlbDnIO4EAavCoVmNQaIuUSH0Ls2mpGMwUIf+aZJv657zfWWjA==}
    engines: {node: '>=14.21.3'}
    cpu: [x64]
    os: [linux]

  '@biomejs/cli-linux-x64@1.8.3':
    resolution: {integrity: sha512-I8G2QmuE1teISyT8ie1HXsjFRz9L1m5n83U1O6m30Kw+kPMPSKjag6QGUn+sXT8V+XWIZxFFBoTDEDZW2KPDDw==}
    engines: {node: '>=14.21.3'}
    cpu: [x64]
    os: [linux]

  '@biomejs/cli-win32-arm64@1.8.3':
    resolution: {integrity: sha512-J+Hu9WvrBevfy06eU1Na0lpc7uR9tibm9maHynLIoAjLZpQU3IW+OKHUtyL8p6/3pT2Ju5t5emReeIS2SAxhkQ==}
    engines: {node: '>=14.21.3'}
    cpu: [arm64]
    os: [win32]

  '@biomejs/cli-win32-x64@1.8.3':
    resolution: {integrity: sha512-/PJ59vA1pnQeKahemaQf4Nyj7IKUvGQSc3Ze1uIGi+Wvr1xF7rGobSrAAG01T/gUDG21vkDsZYM03NAmPiVkqg==}
    engines: {node: '>=14.21.3'}
    cpu: [x64]
    os: [win32]

  '@cspell/cspell-bundled-dicts@8.13.1':
    resolution: {integrity: sha512-ylAwnIdxBMJ9v6BHpFAQFZM+5zbybLtqVQJG7zQePts4e0/Qr2xjYFbC3F+fovZqyXPIx24BR+S6gFJNO1OdAw==}
    engines: {node: '>=18'}

  '@cspell/cspell-json-reporter@8.13.1':
    resolution: {integrity: sha512-vYZTBRkYjpNBifGNbYQsgIXesDEdUa9QAwllDcLZGKbhh5mY/C1ygPnAVpYDYiJNt1WCeIqW286DUyjRjkmHeA==}
    engines: {node: '>=18'}

  '@cspell/cspell-pipe@8.13.1':
    resolution: {integrity: sha512-acLWTQv3yWfeWXMds/cfQKZapslOrLHVL4VDp4rFyL/EnfgaCr7Ew9hQ7zAIARY3r/n0dByqWbOt2HKthdhx/g==}
    engines: {node: '>=18'}

  '@cspell/cspell-resolver@8.13.1':
    resolution: {integrity: sha512-EGdb7KLYCklV3sLxf/895b7s6sExh8DCHZFpDos2hjKwMt+F4ynsu1+ceybQtqoUF/MsyLoJXrrmPvV2uGVmUQ==}
    engines: {node: '>=18'}

  '@cspell/cspell-service-bus@8.13.1':
    resolution: {integrity: sha512-oLFJfxuB1rwGXn3eD5qSF9nf0lHu6YjO0JcrjWhAZQ0r3AsO97gsX50wwCFCw6szVU3rd1cTUktW0KYEZUY6dA==}
    engines: {node: '>=18'}

  '@cspell/cspell-types@8.13.1':
    resolution: {integrity: sha512-9dJdmyXLXJVesCJa/DWgwKsEC9p2RRFc6KORcLhNvtm1tE9TvCXiu5jV47sOmYXd6Hwan8IurBXXTz82CLVjPQ==}
    engines: {node: '>=18'}

  '@cspell/dict-ada@4.0.2':
    resolution: {integrity: sha512-0kENOWQeHjUlfyId/aCM/mKXtkEgV0Zu2RhUXCBr4hHo9F9vph+Uu8Ww2b0i5a4ZixoIkudGA+eJvyxrG1jUpA==}

  '@cspell/dict-aws@4.0.3':
    resolution: {integrity: sha512-0C0RQ4EM29fH0tIYv+EgDQEum0QI6OrmjENC9u98pB8UcnYxGG/SqinuPxo+TgcEuInj0Q73MsBpJ1l5xUnrsw==}

  '@cspell/dict-bash@4.1.3':
    resolution: {integrity: sha512-tOdI3QVJDbQSwPjUkOiQFhYcu2eedmX/PtEpVWg0aFps/r6AyjUQINtTgpqMYnYuq8O1QUIQqnpx21aovcgZCw==}

  '@cspell/dict-companies@3.1.4':
    resolution: {integrity: sha512-y9e0amzEK36EiiKx3VAA+SHQJPpf2Qv5cCt5eTUSggpTkiFkCh6gRKQ97rVlrKh5GJrqinDwYIJtTsxuh2vy2Q==}

  '@cspell/dict-cpp@5.1.12':
    resolution: {integrity: sha512-6lXLOFIa+k/qBcu0bjaE/Kc6v3sh9VhsDOXD1Dalm3zgd0QIMjp5XBmkpSdCAK3pWCPV0Se7ysVLDfCea1BuXg==}

  '@cspell/dict-cryptocurrencies@5.0.0':
    resolution: {integrity: sha512-Z4ARIw5+bvmShL+4ZrhDzGhnc9znaAGHOEMaB/GURdS/jdoreEDY34wdN0NtdLHDO5KO7GduZnZyqGdRoiSmYA==}

  '@cspell/dict-csharp@4.0.2':
    resolution: {integrity: sha512-1JMofhLK+4p4KairF75D3A924m5ERMgd1GvzhwK2geuYgd2ZKuGW72gvXpIV7aGf52E3Uu1kDXxxGAiZ5uVG7g==}

  '@cspell/dict-css@4.0.12':
    resolution: {integrity: sha512-vGBgPM92MkHQF5/2jsWcnaahOZ+C6OE/fPvd5ScBP72oFY9tn5GLuomcyO0z8vWCr2e0nUSX1OGimPtcQAlvSw==}

  '@cspell/dict-dart@2.0.3':
    resolution: {integrity: sha512-cLkwo1KT5CJY5N5RJVHks2genFkNCl/WLfj+0fFjqNR+tk3tBI1LY7ldr9piCtSFSm4x9pO1x6IV3kRUY1lLiw==}

  '@cspell/dict-data-science@2.0.1':
    resolution: {integrity: sha512-xeutkzK0eBe+LFXOFU2kJeAYO6IuFUc1g7iRLr7HeCmlC4rsdGclwGHh61KmttL3+YHQytYStxaRBdGAXWC8Lw==}

  '@cspell/dict-django@4.1.0':
    resolution: {integrity: sha512-bKJ4gPyrf+1c78Z0Oc4trEB9MuhcB+Yg+uTTWsvhY6O2ncFYbB/LbEZfqhfmmuK/XJJixXfI1laF2zicyf+l0w==}

  '@cspell/dict-docker@1.1.7':
    resolution: {integrity: sha512-XlXHAr822euV36GGsl2J1CkBIVg3fZ6879ZOg5dxTIssuhUOCiV2BuzKZmt6aIFmcdPmR14+9i9Xq+3zuxeX0A==}

  '@cspell/dict-dotnet@5.0.2':
    resolution: {integrity: sha512-UD/pO2A2zia/YZJ8Kck/F6YyDSpCMq0YvItpd4YbtDVzPREfTZ48FjZsbYi4Jhzwfvc6o8R56JusAE58P+4sNQ==}

  '@cspell/dict-elixir@4.0.3':
    resolution: {integrity: sha512-g+uKLWvOp9IEZvrIvBPTr/oaO6619uH/wyqypqvwpmnmpjcfi8+/hqZH8YNKt15oviK8k4CkINIqNhyndG9d9Q==}

  '@cspell/dict-en-common-misspellings@2.0.3':
    resolution: {integrity: sha512-8nF1z9nUiSgMyikL66HTbDO7jCGtB24TxKBasXIBwkBKMDZgA2M883iXdeByy6m1JJUcCGFkSftVYp2W0bUgjw==}

  '@cspell/dict-en-gb@1.1.33':
    resolution: {integrity: sha512-tKSSUf9BJEV+GJQAYGw5e+ouhEe2ZXE620S7BLKe3ZmpnjlNG9JqlnaBhkIMxKnNFkLY2BP/EARzw31AZnOv4g==}

  '@cspell/dict-en_us@4.3.23':
    resolution: {integrity: sha512-l0SoEQBsi3zDSl3OuL4/apBkxjuj4hLIg/oy6+gZ7LWh03rKdF6VNtSZNXWAmMY+pmb1cGA3ouleTiJIglbsIg==}

  '@cspell/dict-filetypes@3.0.4':
    resolution: {integrity: sha512-IBi8eIVdykoGgIv5wQhOURi5lmCNJq0we6DvqKoPQJHthXbgsuO1qrHSiUVydMiQl/XvcnUWTMeAlVUlUClnVg==}

  '@cspell/dict-fonts@4.0.0':
    resolution: {integrity: sha512-t9V4GeN/m517UZn63kZPUYP3OQg5f0OBLSd3Md5CU3eH1IFogSvTzHHnz4Wqqbv8NNRiBZ3HfdY/pqREZ6br3Q==}

  '@cspell/dict-fsharp@1.0.1':
    resolution: {integrity: sha512-23xyPcD+j+NnqOjRHgW3IU7Li912SX9wmeefcY0QxukbAxJ/vAN4rBpjSwwYZeQPAn3fxdfdNZs03fg+UM+4yQ==}

  '@cspell/dict-fullstack@3.2.0':
    resolution: {integrity: sha512-sIGQwU6G3rLTo+nx0GKyirR5dQSFeTIzFTOrURw51ISf+jKG9a3OmvsVtc2OANfvEAOLOC9Wfd8WYhmsO8KRDQ==}

  '@cspell/dict-gaming-terms@1.0.5':
    resolution: {integrity: sha512-C3riccZDD3d9caJQQs1+MPfrUrQ+0KHdlj9iUR1QD92FgTOF6UxoBpvHUUZ9YSezslcmpFQK4xQQ5FUGS7uWfw==}

  '@cspell/dict-git@3.0.0':
    resolution: {integrity: sha512-simGS/lIiXbEaqJu9E2VPoYW1OTC2xrwPPXNXFMa2uo/50av56qOuaxDrZ5eH1LidFXwoc8HROCHYeKoNrDLSw==}

  '@cspell/dict-golang@6.0.9':
    resolution: {integrity: sha512-etDt2WQauyEQDA+qPS5QtkYTb2I9l5IfQftAllVoB1aOrT6bxxpHvMEpJ0Hsn/vezxrCqa/BmtUbRxllIxIuSg==}

  '@cspell/dict-google@1.0.1':
    resolution: {integrity: sha512-dQr4M3n95uOhtloNSgB9tYYGXGGEGEykkFyRtfcp5pFuEecYUa0BSgtlGKx9RXVtJtKgR+yFT/a5uQSlt8WjqQ==}

  '@cspell/dict-haskell@4.0.1':
    resolution: {integrity: sha512-uRrl65mGrOmwT7NxspB4xKXFUenNC7IikmpRZW8Uzqbqcu7ZRCUfstuVH7T1rmjRgRkjcIjE4PC11luDou4wEQ==}

  '@cspell/dict-html-symbol-entities@4.0.0':
    resolution: {integrity: sha512-HGRu+48ErJjoweR5IbcixxETRewrBb0uxQBd6xFGcxbEYCX8CnQFTAmKI5xNaIt2PKaZiJH3ijodGSqbKdsxhw==}

  '@cspell/dict-html@4.0.5':
    resolution: {integrity: sha512-p0brEnRybzSSWi8sGbuVEf7jSTDmXPx7XhQUb5bgG6b54uj+Z0Qf0V2n8b/LWwIPJNd1GygaO9l8k3HTCy1h4w==}

  '@cspell/dict-java@5.0.7':
    resolution: {integrity: sha512-ejQ9iJXYIq7R09BScU2y5OUGrSqwcD+J5mHFOKbduuQ5s/Eh/duz45KOzykeMLI6KHPVxhBKpUPBWIsfewECpQ==}

  '@cspell/dict-julia@1.0.1':
    resolution: {integrity: sha512-4JsCLCRhhLMLiaHpmR7zHFjj1qOauzDI5ZzCNQS31TUMfsOo26jAKDfo0jljFAKgw5M2fEG7sKr8IlPpQAYrmQ==}

  '@cspell/dict-k8s@1.0.6':
    resolution: {integrity: sha512-srhVDtwrd799uxMpsPOQqeDJY+gEocgZpoK06EFrb4GRYGhv7lXo9Fb+xQMyQytzOW9dw4DNOEck++nacDuymg==}

  '@cspell/dict-latex@4.0.0':
    resolution: {integrity: sha512-LPY4y6D5oI7D3d+5JMJHK/wxYTQa2lJMSNxps2JtuF8hbAnBQb3igoWEjEbIbRRH1XBM0X8dQqemnjQNCiAtxQ==}

  '@cspell/dict-lorem-ipsum@4.0.0':
    resolution: {integrity: sha512-1l3yjfNvMzZPibW8A7mQU4kTozwVZVw0AvFEdy+NcqtbxH+TvbSkNMqROOFWrkD2PjnKG0+Ea0tHI2Pi6Gchnw==}

  '@cspell/dict-lua@4.0.3':
    resolution: {integrity: sha512-lDHKjsrrbqPaea13+G9s0rtXjMO06gPXPYRjRYawbNmo4E/e3XFfVzeci3OQDQNDmf2cPOwt9Ef5lu2lDmwfJg==}

  '@cspell/dict-makefile@1.0.0':
    resolution: {integrity: sha512-3W9tHPcSbJa6s0bcqWo6VisEDTSN5zOtDbnPabF7rbyjRpNo0uHXHRJQF8gAbFzoTzBBhgkTmrfSiuyQm7vBUQ==}

  '@cspell/dict-monkeyc@1.0.6':
    resolution: {integrity: sha512-oO8ZDu/FtZ55aq9Mb67HtaCnsLn59xvhO/t2mLLTHAp667hJFxpp7bCtr2zOrR1NELzFXmKln/2lw/PvxMSvrA==}

  '@cspell/dict-node@5.0.1':
    resolution: {integrity: sha512-lax/jGz9h3Dv83v8LHa5G0bf6wm8YVRMzbjJPG/9rp7cAGPtdrga+XANFq+B7bY5+jiSA3zvj10LUFCFjnnCCg==}

  '@cspell/dict-npm@5.0.18':
    resolution: {integrity: sha512-weMTyxWpzz19q4wv9n183BtFvdD5fCjtze+bFKpl+4rO/YlPhHL2cXLAeexJz/VDSBecwX4ybTZYoknd1h2J4w==}

  '@cspell/dict-php@4.0.8':
    resolution: {integrity: sha512-TBw3won4MCBQ2wdu7kvgOCR3dY2Tb+LJHgDUpuquy3WnzGiSDJ4AVelrZdE1xu7mjFJUr4q48aB21YT5uQqPZA==}

  '@cspell/dict-powershell@5.0.5':
    resolution: {integrity: sha512-3JVyvMoDJesAATYGOxcUWPbQPUvpZmkinV3m8HL1w1RrjeMVXXuK7U1jhopSneBtLhkU+9HKFwgh9l9xL9mY2Q==}

  '@cspell/dict-public-licenses@2.0.7':
    resolution: {integrity: sha512-KlBXuGcN3LE7tQi/GEqKiDewWGGuopiAD0zRK1QilOx5Co8XAvs044gk4MNIQftc8r0nHeUI+irJKLGcR36DIQ==}

  '@cspell/dict-python@4.2.3':
    resolution: {integrity: sha512-C1CPX9wwEGgcHv/p7KfjuIOp1G6KNyx5gWYweAd6/KPv+ZpeM1v572zFUTmpO8WDuAfKFf00nqYL8/GmCENWBw==}

  '@cspell/dict-r@2.0.1':
    resolution: {integrity: sha512-KCmKaeYMLm2Ip79mlYPc8p+B2uzwBp4KMkzeLd5E6jUlCL93Y5Nvq68wV5fRLDRTf7N1LvofkVFWfDcednFOgA==}

  '@cspell/dict-ruby@5.0.2':
    resolution: {integrity: sha512-cIh8KTjpldzFzKGgrqUX4bFyav5lC52hXDKo4LbRuMVncs3zg4hcSf4HtURY+f2AfEZzN6ZKzXafQpThq3dl2g==}

  '@cspell/dict-rust@4.0.5':
    resolution: {integrity: sha512-DIvlPRDemjKQy8rCqftAgGNZxY5Bg+Ps7qAIJjxkSjmMETyDgl0KTVuaJPt7EK4jJt6uCZ4ILy96npsHDPwoXA==}

  '@cspell/dict-scala@5.0.3':
    resolution: {integrity: sha512-4yGb4AInT99rqprxVNT9TYb1YSpq58Owzq7zi3ZS5T0u899Y4VsxsBiOgHnQ/4W+ygi+sp+oqef8w8nABR2lkg==}

  '@cspell/dict-software-terms@4.0.4':
    resolution: {integrity: sha512-AHr3Wxa4pxbpKgxhyQseBmoJhdyeraeRGdQn0e8YD5pz4J6Mu47MLzKysasDKWK/yzmHQfwAsb2zm2k+ItMEUw==}

  '@cspell/dict-sql@2.1.3':
    resolution: {integrity: sha512-SEyTNKJrjqD6PAzZ9WpdSu6P7wgdNtGV2RV8Kpuw1x6bV+YsSptuClYG+JSdRExBTE6LwIe1bTklejUp3ZP8TQ==}

  '@cspell/dict-svelte@1.0.2':
    resolution: {integrity: sha512-rPJmnn/GsDs0btNvrRBciOhngKV98yZ9SHmg8qI6HLS8hZKvcXc0LMsf9LLuMK1TmS2+WQFAan6qeqg6bBxL2Q==}

  '@cspell/dict-swift@2.0.1':
    resolution: {integrity: sha512-gxrCMUOndOk7xZFmXNtkCEeroZRnS2VbeaIPiymGRHj5H+qfTAzAKxtv7jJbVA3YYvEzWcVE2oKDP4wcbhIERw==}

  '@cspell/dict-terraform@1.0.0':
    resolution: {integrity: sha512-Ak+vy4HP/bOgzf06BAMC30+ZvL9mzv21xLM2XtfnBLTDJGdxlk/nK0U6QT8VfFLqJ0ZZSpyOxGsUebWDCTr/zQ==}

  '@cspell/dict-typescript@3.1.6':
    resolution: {integrity: sha512-1beC6O4P/j23VuxX+i0+F7XqPVc3hhiAzGJHEKqnWf5cWAXQtg0xz3xQJ5MvYx2a7iLaSa+lu7+05vG9UHyu9Q==}

  '@cspell/dict-vue@3.0.0':
    resolution: {integrity: sha512-niiEMPWPV9IeRBRzZ0TBZmNnkK3olkOPYxC1Ny2AX4TGlYRajcW0WUtoSHmvvjZNfWLSg2L6ruiBeuPSbjnG6A==}

  '@cspell/dynamic-import@8.13.1':
    resolution: {integrity: sha512-jMqJHWmQy+in99JMSFlaGV9P033gCx7DCZvGO/ZSeZ2EatrUTanJk3oTG1TZknZydb0nnxr1mgTWXN7PCAAXDg==}
    engines: {node: '>=18.0'}

  '@cspell/strong-weak-map@8.13.1':
    resolution: {integrity: sha512-ga1ibI9ZLJWNszfP7e6qQ8gnoQOP9rE/clALMAim9ssO6cmMhEEm+i1ROH4nsDfThd6sVlUJ0IOtx5dEqPmWxw==}
    engines: {node: '>=18'}

  '@cspell/url@8.13.1':
    resolution: {integrity: sha512-cCyojz5ovgGCexhez2urle4Q1UOEsp96lvl4pDmWNDHa/6n8dqiIn60SVzQIsAHzJ4yEV077RSaIrTlq/T+oSQ==}
    engines: {node: '>=18.0'}

  '@isaacs/cliui@8.0.2':
    resolution: {integrity: sha512-O8jcjabXaleOG9DQ0+ARXWZBTfnP4WNAqzuiJK7ll44AmxGKv/J2M4TPjxjY3znBCfvBXFzucm1twdyFybFqEA==}
    engines: {node: '>=12'}

  '@nodelib/fs.scandir@2.1.5':
    resolution: {integrity: sha512-vq24Bq3ym5HEQm2NKCr3yXDwjc7vTsEThRDnkp2DK9p1uqLR+DHurm/NOTo0KG7HYHU7eppKZj3MyqYuMBf62g==}
    engines: {node: '>= 8'}

  '@nodelib/fs.stat@2.0.5':
    resolution: {integrity: sha512-RkhPPp2zrqDAQA/2jNhnztcPAlv64XdhIp7a7454A5ovI7Bukxgt7MX7udwAu3zg1DcpPU0rz3VV1SeaqvY4+A==}
    engines: {node: '>= 8'}

  '@nodelib/fs.walk@1.2.8':
    resolution: {integrity: sha512-oGB+UxlgWcgQkgwo8GcEGwemoTFt3FIO9ababBmaGwXIoBKZ+GTy0pP185beGg7Llih/NSHSV2XAs1lnznocSg==}
    engines: {node: '>= 8'}

  '@pkgjs/parseargs@0.11.0':
    resolution: {integrity: sha512-+1VkjdD0QBLPodGrJUeqarH8VAIvQODIbwh9XpP5Syisf7YoQgsJKPNFoqqLQlu+VQ/tVSshMR6loPMn8U+dPg==}
    engines: {node: '>=14'}

  ansi-regex@5.0.1:
    resolution: {integrity: sha512-quJQXlTSUGL2LH9SUXo8VwsY4soanhgo6LNSm84E1LBcE8s3O0wpdiRzyR9z/ZZJMlMWv37qOOb9pdJlMUEKFQ==}
    engines: {node: '>=8'}

  ansi-regex@6.0.1:
    resolution: {integrity: sha512-n5M855fKb2SsfMIiFFoVrABHJC8QtHwVx+mHWP3QcEqBHYienj5dHSgjbxtC0WEZXYt4wcD6zrQElDPhFuZgfA==}
    engines: {node: '>=12'}

  ansi-styles@4.3.0:
    resolution: {integrity: sha512-zbB9rCJAT1rbjiVDb2hqKFHNYLxgtk8NURxZ3IZwD3F6NtxbXZQCnnSi1Lkx+IDohdPlFp222wVALIheZJQSEg==}
    engines: {node: '>=8'}

  ansi-styles@6.2.1:
    resolution: {integrity: sha512-bN798gFfQX+viw3R7yrGWRqnrN2oRkEkUjjl4JNn4E8GxxbjtG3FbrEIIY3l8/hrwUwIeCZvi4QuOTP4MErVug==}
    engines: {node: '>=12'}

  argparse@2.0.1:
    resolution: {integrity: sha512-8+9WqebbFzpX9OR+Wa6O29asIogeRMzcGtAINdpMHHyAg10f05aSFVBbcEqGf/PXw1EjAZ+q2/bEBg3DvurK3Q==}

  array-timsort@1.0.3:
    resolution: {integrity: sha512-/+3GRL7dDAGEfM6TseQk/U+mi18TU2Ms9I3UlLdUMhz2hbvGNTKdj9xniwXfUqgYhHxRx0+8UnKkvlNwVU+cWQ==}

  balanced-match@1.0.2:
    resolution: {integrity: sha512-3oSeUO0TMV67hN1AmbXsK4yaqU7tjiHlbxRDZOpH0KW9+CeX4bRAaX0Anxt0tx2MrpRpWwQaPwIlISEJhYU5Pw==}

  brace-expansion@2.0.1:
    resolution: {integrity: sha512-XnAIvQ8eM+kC6aULx6wuQiwVsnzsi9d3WxzV3FpWTGA19F621kwdbsAcFKXgKUHZWsy+mY6iL1sHTxWEFCytDA==}

  braces@3.0.3:
    resolution: {integrity: sha512-yQbXgO/OSZVD2IsiLlro+7Hf6Q18EJrKSEsdoMzKePKXct3gvD8oLcOQdIzGupr5Fj+EDe8gO/lxc1BzfMpxvA==}
    engines: {node: '>=8'}

  callsites@3.1.0:
    resolution: {integrity: sha512-P8BjAsXvZS+VIDUI11hHCQEv74YT67YUi5JJFNWIqL235sBmjX4+qx9Muvls5ivyNENctx46xQLQ3aTuE7ssaQ==}
    engines: {node: '>=6'}

  chalk-template@1.1.0:
    resolution: {integrity: sha512-T2VJbcDuZQ0Tb2EWwSotMPJjgpy1/tGee1BTpUNsGZ/qgNjV2t7Mvu+d4600U564nbLesN1x2dPL+xii174Ekg==}
    engines: {node: '>=14.16'}

  chalk@5.3.0:
    resolution: {integrity: sha512-dLitG79d+GV1Nb/VYcCDFivJeK1hiukt9QjRNVOsUtTy1rR1YJsmpGGTZ3qJos+uw7WmWF4wUwBd9jxjocFC2w==}
    engines: {node: ^12.17.0 || ^14.13 || >=16.0.0}

  clear-module@4.1.2:
    resolution: {integrity: sha512-LWAxzHqdHsAZlPlEyJ2Poz6AIs384mPeqLVCru2p0BrP9G/kVGuhNyZYClLO6cXlnuJjzC8xtsJIuMjKqLXoAw==}
    engines: {node: '>=8'}

  color-convert@2.0.1:
    resolution: {integrity: sha512-RRECPsj7iu/xb5oKYcsFHSppFNnsj/52OVTRKb4zP5onXwVF3zVmmToNcOfGC+CRDpfK/U584fMg38ZHCaElKQ==}
    engines: {node: '>=7.0.0'}

  color-name@1.1.4:
    resolution: {integrity: sha512-dOy+3AuW3a2wNbZHIuMZpTcgjGuLU/uBL/ubcZF9OXbDo8ff4O8yVp5Bf0efS8uEoYo5q4Fx7dY9OgQGXgAsQA==}

  commander@12.1.0:
    resolution: {integrity: sha512-Vw8qHK3bZM9y/P10u3Vib8o/DdkvA2OtPtZvD871QKjy74Wj1WSKFILMPRPSdUSx5RFK1arlJzEtA4PkFgnbuA==}
    engines: {node: '>=18'}

  comment-json@4.2.4:
    resolution: {integrity: sha512-E5AjpSW+O+N5T2GsOQMHLLsJvrYw6G/AFt9GvU6NguEAfzKShh7hRiLtVo6S9KbRpFMGqE5ojo0/hE+sdteWvQ==}
    engines: {node: '>= 6'}

  core-util-is@1.0.3:
    resolution: {integrity: sha512-ZQBvi1DcpJ4GDqanjucZ2Hj3wEO5pZDS89BWbkcrvdxksJorwUDDZamX9ldFkp9aw2lmBDLgkObEA4DWNJ9FYQ==}

  cross-spawn@7.0.3:
    resolution: {integrity: sha512-iRDPJKUPVEND7dHPO8rkbOnPpyDygcDFtWjpeWNCgy8WP2rXcxXL8TskReQl6OrB2G7+UJrags1q15Fudc7G6w==}
    engines: {node: '>= 8'}

  cspell-config-lib@8.13.1:
    resolution: {integrity: sha512-sXUFOyxvk+qDkoQdFkVEqj1hfQWzMi+tbi6ksiotQaqpm7r+YitZLSgwJjN4xgDO/rTLyP70k9fagdZ67MVZbw==}
    engines: {node: '>=18'}

  cspell-dictionary@8.13.1:
    resolution: {integrity: sha512-Z0T4J4ahOJaHmWq83w24KXGik1zeauO5WvDRyzDyaSgpbA5MN2hN98LvxaIx72g3I+trtRK77XFcKginuME9EA==}
    engines: {node: '>=18'}

  cspell-gitignore@8.13.1:
    resolution: {integrity: sha512-XyZ3X5d6x0gkWtNXSAQRcPMG41bEdLx9cTgZCYCJhEZCesU1VpNm60F3oc11dMLkO+BqPH3An+AO/YEIiaje3A==}
    engines: {node: '>=18'}
    hasBin: true

  cspell-glob@8.13.1:
    resolution: {integrity: sha512-rW1A3t7YvPXxcC4z1pp1m9coeWzUVUmRjUw3vMNGlEDC2zecB39KKbEqesziBqnBceNAY7O5itllIGFKr03vqA==}
    engines: {node: '>=18'}

  cspell-grammar@8.13.1:
    resolution: {integrity: sha512-HUkd24bulvBwee1UNBurxGlPUOiywb9pB34iXXoxFWuloHohZ/DuFlE8B/31ZtjW48ffEYIu3QZfWhcnD8e81w==}
    engines: {node: '>=18'}
    hasBin: true

  cspell-io@8.13.1:
    resolution: {integrity: sha512-t2sgZuWGBzPSOAStfvz/U3KoFEfDxEt1cXZj0Kd0Vs36v2uoLktm6ihMe7XNFu7zIdOFSajsYQ8Bi4RSLPGPxQ==}
    engines: {node: '>=18'}

  cspell-lib@8.13.1:
    resolution: {integrity: sha512-H1HHG1pmATSeAaY0KmQ0xnkbSqJLvh9QpXWARDLWKUBvtE+/l44H4yVhIp/No3rM7PKMmb82GuSJzMaoIhHFLQ==}
    engines: {node: '>=18'}

  cspell-trie-lib@8.13.1:
    resolution: {integrity: sha512-2moCsIYDmMT7hp5Non3CvWatfXptFWCuxjbXQGDNvWJ2Cj3oso/oBe4802GJv5GEenv9QBWmEtum/E7rFcx4JA==}
    engines: {node: '>=18'}

  cspell@8.13.1:
    resolution: {integrity: sha512-Bqppilpwx9xt3jZPaYcqe1JPteNmfKhx9pw9YglZEePDUzdiJQNVIfs31589GAnXjgdqqctR8N87ffLcaBNPXw==}
    engines: {node: '>=18'}
    hasBin: true

  deep-extend@0.6.0:
    resolution: {integrity: sha512-LOHxIOaPYdHlJRtCQfDIVZtfw/ufM8+rVj649RIHzcm/vGwQRXFt6OPqIFWsm2XEMrNIEtWR64sY1LEKD2vAOA==}
    engines: {node: '>=4.0.0'}

  eastasianwidth@0.2.0:
    resolution: {integrity: sha512-I88TYZWc9XiYHRQ4/3c5rjjfgkjhLyW2luGIheGERbNQ6OY7yTybanSpDXZa8y7VUP9YmDcYa+eyq4ca7iLqWA==}

  emoji-regex@8.0.0:
    resolution: {integrity: sha512-MSjYzcWNOA0ewAHpz0MxpYFvwg6yjy1NG3xteoqz644VCo/RPgnr1/GGt+ic3iJTzQ8Eu3TdM14SawnVUmGE6A==}

  emoji-regex@9.2.2:
    resolution: {integrity: sha512-L18DaJsXSUk2+42pv8mLs5jJT2hqFkFE4j21wOmgbUqsZ2hL72NsUU785g9RXgo3s0ZNgVl42TiHp3ZtOv/Vyg==}

  entities@4.5.0:
    resolution: {integrity: sha512-V0hjH4dGPh9Ao5p0MoRY6BVqtwCjhz6vI5LT8AJ55H+4g9/4vbHx1I54fS0XuclLhDHArPQCiMjDxjaL8fPxhw==}
    engines: {node: '>=0.12'}

  env-paths@3.0.0:
    resolution: {integrity: sha512-dtJUTepzMW3Lm/NPxRf3wP4642UWhjL2sQxc+ym2YMj1m/H2zDNQOlezafzkHwn6sMstjHTwG6iQQsctDW/b1A==}
    engines: {node: ^12.20.0 || ^14.13.1 || >=16.0.0}

  esprima@4.0.1:
    resolution: {integrity: sha512-eGuFFw7Upda+g4p+QHvnW0RyTX/SVeJBDM/gCtMARO0cLuT2HcEKnTPvhjV6aGeqrCB/sbNop0Kszm0jsaWU4A==}
    engines: {node: '>=4'}
    hasBin: true

  fast-equals@5.0.1:
    resolution: {integrity: sha512-WF1Wi8PwwSY7/6Kx0vKXtw8RwuSGoM1bvDaJbu7MxDlR1vovZjIAKrnzyrThgAjm6JDTu0fVgWXDlMGspodfoQ==}
    engines: {node: '>=6.0.0'}

  fast-glob@3.3.2:
    resolution: {integrity: sha512-oX2ruAFQwf/Orj8m737Y5adxDQO0LAB7/S5MnxCdTNDd4p6BsyIVsv9JQsATbTSq8KHRpLwIHbVlUNatxd+1Ow==}
    engines: {node: '>=8.6.0'}

  fast-json-stable-stringify@2.1.0:
    resolution: {integrity: sha512-lhd/wF+Lk98HZoTCtlVraHtfh5XYijIjalXck7saUtuanSDyLMxnHhSXEDJqHxD7msR8D0uCmqlkwjCV8xvwHw==}

  fastq@1.17.1:
    resolution: {integrity: sha512-sRVD3lWVIXWg6By68ZN7vho9a1pQcN/WBFaAAsDDFzlJjvoGx0P8z7V1t72grFJfJhu3YPZBuu25f7Kaw2jN1w==}

  file-entry-cache@9.0.0:
    resolution: {integrity: sha512-6MgEugi8p2tiUhqO7GnPsmbCCzj0YRCwwaTbpGRyKZesjRSzkqkAE9fPp7V2yMs5hwfgbQLgdvSSkGNg1s5Uvw==}
    engines: {node: '>=18'}

  fill-range@7.1.1:
    resolution: {integrity: sha512-YsGpe3WHLK8ZYi4tWDg2Jy3ebRz2rXowDxnld4bkQB00cc/1Zw9AWnC0i9ztDJitivtQvaI9KaLyKrc+hBW0yg==}
    engines: {node: '>=8'}

  find-up-simple@1.0.0:
    resolution: {integrity: sha512-q7Us7kcjj2VMePAa02hDAF6d+MzsdsAWEwYyOpwUtlerRBkOEPBCRZrAV4XfcSN8fHAgaD0hP7miwoay6DCprw==}
    engines: {node: '>=18'}

  flat-cache@5.0.0:
    resolution: {integrity: sha512-JrqFmyUl2PnPi1OvLyTVHnQvwQ0S+e6lGSwu8OkAZlSaNIZciTY2H/cOOROxsBA1m/LZNHDsqAgDZt6akWcjsQ==}
    engines: {node: '>=18'}

  flatted@3.3.1:
    resolution: {integrity: sha512-X8cqMLLie7KsNUDSdzeN8FYK9rEt4Dt67OsG/DNGnYTSDBG4uFAJFBnUeiV+zCVAvwFy56IjM9sH51jVaEhNxw==}

  foreground-child@3.2.1:
    resolution: {integrity: sha512-PXUUyLqrR2XCWICfv6ukppP96sdFwWbNEnfEMt7jNsISjMsvaLNinAHNDYyvkyU+SZG2BTSbT5NjG+vZslfGTA==}
    engines: {node: '>=14'}

  gensequence@7.0.0:
    resolution: {integrity: sha512-47Frx13aZh01afHJTB3zTtKIlFI6vWY+MYCN9Qpew6i52rfKjnhCF/l1YlC8UmEMvvntZZ6z4PiCcmyuedR2aQ==}
    engines: {node: '>=18'}

  get-stdin@9.0.0:
    resolution: {integrity: sha512-dVKBjfWisLAicarI2Sf+JuBE/DghV4UzNAVe9yhEJuzeREd3JhOTE9cUaJTeSa77fsbQUK3pcOpJfM59+VKZaA==}
    engines: {node: '>=12'}

  glob-parent@5.1.2:
    resolution: {integrity: sha512-AOIgSQCepiJYwP3ARnGx+5VnTu2HBYdzbGP45eLw1vr3zB3vZLeyed1sC9hnbcOc9/SrMyM5RPQrkGz4aS9Zow==}
    engines: {node: '>= 6'}

  glob@10.4.5:
    resolution: {integrity: sha512-7Bv8RF0k6xjo7d4A/PxYLbUCfb6c+Vpd2/mB2yRDlew7Jb5hEXiCD9ibfO7wpk8i4sevK6DFny9h7EYbM3/sHg==}
    hasBin: true

  global-directory@4.0.1:
    resolution: {integrity: sha512-wHTUcDUoZ1H5/0iVqEudYW4/kAlN5cZ3j/bXn0Dpbizl9iaUVeWSHqiOjsgk6OW2bkLclbBjzewBz6weQ1zA2Q==}
    engines: {node: '>=18'}

  has-own-prop@2.0.0:
    resolution: {integrity: sha512-Pq0h+hvsVm6dDEa8x82GnLSYHOzNDt7f0ddFa3FqcQlgzEiptPqL+XrOJNavjOzSYiYWIrgeVYYgGlLmnxwilQ==}
    engines: {node: '>=8'}

  husky@9.1.4:
    resolution: {integrity: sha512-bho94YyReb4JV7LYWRWxZ/xr6TtOTt8cMfmQ39MQYJ7f/YE268s3GdghGwi+y4zAeqewE5zYLvuhV0M0ijsDEA==}
    engines: {node: '>=18'}
    hasBin: true

  ignore@5.3.1:
    resolution: {integrity: sha512-5Fytz/IraMjqpwfd34ke28PTVMjZjJG2MPn5t7OE4eUCUNf8BAa7b5WUS9/Qvr6mwOQS7Mk6vdsMno5he+T8Xw==}
    engines: {node: '>= 4'}

  import-fresh@3.3.0:
    resolution: {integrity: sha512-veYYhQa+D1QBKznvhUHxb8faxlrwUnxseDAbAp457E0wLNio2bOSKnjYDhMj+YiAq61xrMGhQk9iXVk5FzgQMw==}
    engines: {node: '>=6'}

  import-meta-resolve@4.1.0:
    resolution: {integrity: sha512-I6fiaX09Xivtk+THaMfAwnA3MVA5Big1WHF1Dfx9hFuvNIWpXnorlkzhcQf6ehrqQiiZECRt1poOAkPmer3ruw==}

  ini@4.1.1:
    resolution: {integrity: sha512-QQnnxNyfvmHFIsj7gkPcYymR8Jdw/o7mp5ZFihxn6h8Ci6fh3Dx4E1gPjpQEpIuPo9XVNY/ZUwh4BPMjGyL01g==}
    engines: {node: ^14.17.0 || ^16.13.0 || >=18.0.0}

  ini@4.1.3:
    resolution: {integrity: sha512-X7rqawQBvfdjS10YU1y1YVreA3SsLrW9dX2CewP2EbBJM4ypVNLDkO5y04gejPwKIY9lR+7r9gn3rFPt/kmWFg==}
    engines: {node: ^14.17.0 || ^16.13.0 || >=18.0.0}

  is-extglob@2.1.1:
    resolution: {integrity: sha512-SbKbANkN603Vi4jEZv49LeVJMn4yGwsbzZworEoyEiutsN3nJYdbO36zfhGJ6QEDpOZIFkDtnq5JRxmvl3jsoQ==}
    engines: {node: '>=0.10.0'}

  is-fullwidth-code-point@3.0.0:
    resolution: {integrity: sha512-zymm5+u+sCsSWyD9qNaejV3DFvhCKclKdizYaJUuHA83RLjb7nSuGnddCHGv0hk+KY7BMAlsWeK4Ueg6EV6XQg==}
    engines: {node: '>=8'}

  is-glob@4.0.3:
    resolution: {integrity: sha512-xelSayHH36ZgE7ZWhli7pW34hNbNl8Ojv5KVmkJD4hBdD3th8Tfk9vYasLM+mXWOZhFkgZfxhLSnrwRr4elSSg==}
    engines: {node: '>=0.10.0'}

  is-number@7.0.0:
    resolution: {integrity: sha512-41Cifkg6e8TylSpdtTpeLVMqvSBEVzTttHvERD741+pnZ8ANv0004MRL43QKPDlK9cGvNp6NZWZUBlbGXYxxng==}
    engines: {node: '>=0.12.0'}

  isexe@2.0.0:
    resolution: {integrity: sha512-RHxMLp9lnKHGHRng9QFhRCMbYAcVpn69smSGcq3f36xjgVVWThj4qqLbTLlq7Ssj8B+fIQ1EuCEGI2lKsyQeIw==}

  jackspeak@3.4.3:
    resolution: {integrity: sha512-OGlZQpz2yfahA/Rd1Y8Cd9SIEsqvXkLVoSw/cgwhnhFMDbsQFeZYoJJ7bIZBS9BcamUW96asq/npPWugM+RQBw==}

  js-yaml@4.1.0:
    resolution: {integrity: sha512-wpxZs9NoxZaJESJGIZTyDEaYpl0FKSA+FB9aJiyemKhMwkxQg63h4T1KJgUGHpTqPDNRcmmYLugrRjJlBtWvRA==}
    hasBin: true

  json-buffer@3.0.1:
    resolution: {integrity: sha512-4bV5BfR2mqfQTJm+V5tPPdf+ZpuhiIvTuAB5g8kcrXOZpTT/QwwVRWBywX1ozr6lEuPdbHxwaJlm9G6mI2sfSQ==}

  jsonc-parser@3.2.1:
    resolution: {integrity: sha512-AilxAyFOAcK5wA1+LeaySVBrHsGQvUFCDWXKpZjzaL0PqW+xfBOttn8GNtWKFWqneyMZj41MWF9Kl6iPWLwgOA==}

  jsonpointer@5.0.1:
    resolution: {integrity: sha512-p/nXbhSEcu3pZRdkW1OfJhpsVtW1gd4Wa1fnQc9YLiTfAjn0312eMKimbdIQzuZl9aa9xUGaRlP9T/CJE/ditQ==}
    engines: {node: '>=0.10.0'}

  keyv@4.5.4:
    resolution: {integrity: sha512-oxVHkHR/EJf2CNXnWxRLW6mg7JyCCUcG0DtEGmL2ctUo1PNTin1PUil+r/+4r5MpVgC/fn1kjsx7mjSujKqIpw==}

  linkify-it@5.0.0:
    resolution: {integrity: sha512-5aHCbzQRADcdP+ATqnDuhhJ/MRIqDkZX5pyjFHRRysS8vZ5AbqGEoFIb6pYHPZ+L/OC2Lc+xT8uHVVR5CAK/wQ==}

  lru-cache@10.4.3:
    resolution: {integrity: sha512-JNAzZcXrCt42VGLuYz0zfAzDfAvJWW6AfYlDBQyDV5DClI2m5sAmK+OIO7s59XfsRsWHp02jAJrRadPRGTt6SQ==}

  markdown-it@14.1.0:
    resolution: {integrity: sha512-a54IwgWPaeBCAAsv13YgmALOF1elABB08FxO9i+r4VFk5Vl4pKokRPeX8u5TCgSsPi6ec1otfLjdOpVcgbpshg==}
    hasBin: true

  markdownlint-cli@0.41.0:
    resolution: {integrity: sha512-kp29tKrMKdn+xonfefjp3a/MsNzAd9c5ke0ydMEI9PR98bOjzglYN4nfMSaIs69msUf1DNkgevAIAPtK2SeX0Q==}
    engines: {node: '>=18'}
    hasBin: true

  markdownlint-micromark@0.1.9:
    resolution: {integrity: sha512-5hVs/DzAFa8XqYosbEAEg6ok6MF2smDj89ztn9pKkCtdKHVdPQuGMH7frFfYL9mLkvfFe4pTyAMffLbjf3/EyA==}
    engines: {node: '>=18'}

  markdownlint@0.34.0:
    resolution: {integrity: sha512-qwGyuyKwjkEMOJ10XN6OTKNOVYvOIi35RNvDLNxTof5s8UmyGHlCdpngRHoRGNvQVGuxO3BJ7uNSgdeX166WXw==}
    engines: {node: '>=18'}

  mdurl@2.0.0:
    resolution: {integrity: sha512-Lf+9+2r+Tdp5wXDXC4PcIBjTDtq4UKjCPMQhKIuzpJNW0b96kVqSwW0bT7FhRSfmAiFYgP+SCRvdrDozfh0U5w==}

  merge2@1.4.1:
    resolution: {integrity: sha512-8q7VEgMJW4J8tcfVPy8g09NcQwZdbwFEqhe/WZkoIzjn/3TGDwtOCYtXGxA3O8tPzpczCCDgv+P2P5y00ZJOOg==}
    engines: {node: '>= 8'}

  micromatch@4.0.7:
    resolution: {integrity: sha512-LPP/3KorzCwBxfeUuZmaR6bG2kdeHSbe0P2tY3FLRU4vYrjYz5hI4QZwV0njUx3jeuKe67YukQ1LSPZBKDqO/Q==}
    engines: {node: '>=8.6'}

  minimatch@9.0.5:
    resolution: {integrity: sha512-G6T0ZX48xgozx7587koeX9Ys2NYy6Gmv//P89sEte9V9whIapMNF4idKxnW2QtCcLiTWlb/wfCabAtAFWhhBow==}
    engines: {node: '>=16 || 14 >=14.17'}

  minimist@1.2.8:
    resolution: {integrity: sha512-2yyAR8qBkN3YuheJanUpWC5U3bb5osDywNB8RzDVlDwDHbocAJveqqj1u8+SVD7jkWT4yvsHCpWqqWqAxb0zCA==}

  minipass@7.1.2:
    resolution: {integrity: sha512-qOOzS1cBTWYF4BH8fVePDBOO9iptMnGUEZwNc/cMWnTV2nVLZ7VoNWEPHkYczZA0pdoA7dl6e7FL659nX9S2aw==}
    engines: {node: '>=16 || 14 >=14.17'}

  package-json-from-dist@1.0.0:
    resolution: {integrity: sha512-dATvCeZN/8wQsGywez1mzHtTlP22H8OEfPrVMLNr4/eGa+ijtLn/6M5f0dY8UKNrC2O9UCU6SSoG3qRKnt7STw==}

  parent-module@1.0.1:
    resolution: {integrity: sha512-GQ2EWRpQV8/o+Aw8YqtfZZPfNRWZYkbidE9k5rpl/hC3vtHHBfGm2Ifi6qWV+coDGkrUKZAxE3Lot5kcsRlh+g==}
    engines: {node: '>=6'}

  parent-module@2.0.0:
    resolution: {integrity: sha512-uo0Z9JJeWzv8BG+tRcapBKNJ0dro9cLyczGzulS6EfeyAdeC9sbojtW6XwvYxJkEne9En+J2XEl4zyglVeIwFg==}
    engines: {node: '>=8'}

  path-key@3.1.1:
    resolution: {integrity: sha512-ojmeN0qd+y0jszEtoY48r0Peq5dwMEkIlCOu6Q5f41lfkswXuKtYrhgoTpLnyIcHm24Uhqx+5Tqm2InSwLhE6Q==}
    engines: {node: '>=8'}

  path-scurry@1.11.1:
    resolution: {integrity: sha512-Xa4Nw17FS9ApQFJ9umLiJS4orGjm7ZzwUrwamcGQuHSzDyth9boKDaycYdDcZDuqYATXw4HFXgaqWTctW/v1HA==}
    engines: {node: '>=16 || 14 >=14.18'}

  picomatch@2.3.1:
    resolution: {integrity: sha512-JU3teHTNjmE2VCGFzuY8EXzCDVwEqB2a8fsIvwaStHhAWJEeVd1o1QD80CU6+ZdEXXSLbSsuLwJjkCBWqRQUVA==}
    engines: {node: '>=8.6'}

  punycode.js@2.3.1:
    resolution: {integrity: sha512-uxFIHU0YlHYhDQtV4R9J6a52SLx28BCjT+4ieh7IGbgwVJWO+km431c4yRlREUAsAmt/uMjQUyQHNEPf0M39CA==}
    engines: {node: '>=6'}

  queue-microtask@1.2.3:
    resolution: {integrity: sha512-NuaNSa6flKT5JaSYQzJok04JzTL1CA6aGhv5rfLW3PgqA+M2ChpZQnAC8h8i4ZFkBS8X5RqkDBHA7r4hej3K9A==}

  repeat-string@1.6.1:
    resolution: {integrity: sha512-PV0dzCYDNfRi1jCDbJzpW7jNNDRuCOG/jI5ctQcGKt/clZD+YcPS3yIlWuTJMmESC8aevCFmWJy5wjAFgNqN6w==}
    engines: {node: '>=0.10'}

  resolve-from@4.0.0:
    resolution: {integrity: sha512-pb/MYmXstAkysRFx8piNI1tGFNQIFA3vkE3Gq4EuA1dF6gHp/+vgZqsCGJapvy8N3Q+4o7FwvquPJcnZ7RYy4g==}
    engines: {node: '>=4'}

  resolve-from@5.0.0:
    resolution: {integrity: sha512-qYg9KP24dD5qka9J47d0aVky0N+b4fTU89LN9iDnjB5waksiC49rvMB0PrUJQGoTmH50XPiqOvAjDfaijGxYZw==}
    engines: {node: '>=8'}

  reusify@1.0.4:
    resolution: {integrity: sha512-U9nH88a3fc/ekCF1l0/UP1IosiuIjyTh7hBvXVMHYgVcfGvt897Xguj2UOLDeI5BG2m7/uwyaLVT6fbtCwTyzw==}
    engines: {iojs: '>=1.0.0', node: '>=0.10.0'}

  run-con@1.3.2:
    resolution: {integrity: sha512-CcfE+mYiTcKEzg0IqS08+efdnH0oJ3zV0wSUFBNrMHMuxCtXvBCLzCJHatwuXDcu/RlhjTziTo/a1ruQik6/Yg==}
    hasBin: true

  run-parallel@1.2.0:
    resolution: {integrity: sha512-5l4VyZR86LZ/lDxZTR6jqL8AFE2S0IFLMP26AbjsLVADxHdhB/c0GUsH+y39UfCi3dzz8OlQuPmnaJOMoDHQBA==}

  semver@7.6.3:
    resolution: {integrity: sha512-oVekP1cKtI+CTDvHWYFUcMtsK/00wmAEfyqKfNdARm8u1wNVhSgaX7A8d4UuIlUI5e84iEwOhs7ZPYRmzU9U6A==}
    engines: {node: '>=10'}
    hasBin: true

  shebang-command@2.0.0:
    resolution: {integrity: sha512-kHxr2zZpYtdmrN1qDjrrX/Z1rR1kG8Dx+gkpK1G4eXmvXswmcE1hTWBWYUzlraYw1/yZp6YuDY77YtvbN0dmDA==}
    engines: {node: '>=8'}

  shebang-regex@3.0.0:
    resolution: {integrity: sha512-7++dFhtcx3353uBaq8DDR4NuxBetBzC7ZQOhmTQInHEd6bSrXdiEyzCvG07Z44UYdLShWUyXt5M/yhz8ekcb1A==}
    engines: {node: '>=8'}

  signal-exit@4.1.0:
    resolution: {integrity: sha512-bzyZ1e88w9O1iNJbKnOlvYTrWPDl46O1bG0D3XInv+9tkPrxrN8jUUTiFlDkkmKWgn1M6CfIA13SuGqOa9Korw==}
    engines: {node: '>=14'}

  smol-toml@1.2.2:
    resolution: {integrity: sha512-fVEjX2ybKdJKzFL46VshQbj9PuA4IUKivalgp48/3zwS9vXzyykzQ6AX92UxHSvWJagziMRLeHMgEzoGO7A8hQ==}
    engines: {node: '>= 18'}

  string-width@4.2.3:
    resolution: {integrity: sha512-wKyQRQpjJ0sIp62ErSZdGsjMJWsap5oRNihHhu6G7JVO/9jIB6UyevL+tXuOqrng8j/cxKTWyWUwvSTriiZz/g==}
    engines: {node: '>=8'}

  string-width@5.1.2:
    resolution: {integrity: sha512-HnLOCR3vjcY8beoNLtcjZ5/nxn2afmME6lhrDrebokqMap+XbeW8n9TXpPDOqdGK5qcI3oT0GKTW6wC7EMiVqA==}
    engines: {node: '>=12'}

  strip-ansi@6.0.1:
    resolution: {integrity: sha512-Y38VPSHcqkFrCpFnQ9vuSXmquuv5oXOKpGeT6aGrr3o3Gc9AlVa6JBfUSOCnbxGGZF+/0ooI7KrPuUSztUdU5A==}
    engines: {node: '>=8'}

  strip-ansi@7.1.0:
    resolution: {integrity: sha512-iq6eVVI64nQQTRYq2KtEg2d2uU7LElhTJwsH4YzIHZshxlgZms/wIc4VoDQTlG/IvVIrBKG06CrZnp0qv7hkcQ==}
    engines: {node: '>=12'}

  strip-json-comments@3.1.1:
    resolution: {integrity: sha512-6fPc+R4ihwqP6N/aIv2f1gMH8lOVtWQHoqC4yK6oSDVVocumAsfCqjkXnqiYMhmMwS/mEHLp7Vehlt3ql6lEig==}
    engines: {node: '>=8'}

  to-regex-range@5.0.1:
    resolution: {integrity: sha512-65P7iz6X5yEr1cwcgvQxbbIw7Uk3gOy5dIdtZ4rDveLqhrdJP+Li/Hx6tyK0NEb+2GCyneCMJiGqrADCSNk8sQ==}
    engines: {node: '>=8.0'}

  uc.micro@2.1.0:
    resolution: {integrity: sha512-ARDJmphmdvUk6Glw7y9DQ2bFkKBHwQHLi2lsaH6PPmz/Ka9sFOBsBluozhDltWmnv9u/cF6Rt87znRTPV+yp/A==}

  vscode-languageserver-textdocument@1.0.12:
    resolution: {integrity: sha512-cxWNPesCnQCcMPeenjKKsOCKQZ/L6Tv19DTRIGuLWe32lyzWhihGVJ/rcckZXJxfdKCFvRLS3fpBIsV/ZGX4zA==}

  vscode-uri@3.0.8:
    resolution: {integrity: sha512-AyFQ0EVmsOZOlAnxoFOGOq1SQDWAB7C6aqMGS23svWAllfOaxbuFvcT8D1i8z3Gyn8fraVeZNNmN6e9bxxXkKw==}

  which@2.0.2:
    resolution: {integrity: sha512-BLI3Tl1TW3Pvl70l3yq3Y64i+awpwXqsGBYWkkqMtnbXgrMD+yj7rhW0kuEDxzJaYXGjEW5ogapKNMEKNMjibA==}
    engines: {node: '>= 8'}
    hasBin: true

  wrap-ansi@7.0.0:
    resolution: {integrity: sha512-YVGIj2kamLSTxw6NsZjoBxfSwsn0ycdesmc4p+Q21c5zPuZ1pl+NfxVdxPtdHvmNVOQ6XSYG4AUtyt/Fi7D16Q==}
    engines: {node: '>=10'}

  wrap-ansi@8.1.0:
    resolution: {integrity: sha512-si7QWI6zUMq56bESFvagtmzMdGOtoxfR+Sez11Mobfc7tm+VkUckk9bW2UeffTGVUbOksxmSw0AA2gs8g71NCQ==}
    engines: {node: '>=12'}

  xdg-basedir@5.1.0:
    resolution: {integrity: sha512-GCPAHLvrIH13+c0SuacwvRYj2SxJXQ4kaVTT5xgL3kPrz56XxkF21IGhjSE1+W0aw7gpBWRGXLCPnPby6lSpmQ==}
    engines: {node: '>=12'}

  yaml@2.5.0:
    resolution: {integrity: sha512-2wWLbGbYDiSqqIKoPjar3MPgB94ErzCtrNE1FdqGuaO0pi2JGjmE8aW8TDZwzU7vuxcGRdL/4gPQwQ7hD5AMSw==}
    engines: {node: '>= 14'}
    hasBin: true

snapshots:

  '@biomejs/biome@1.8.3':
    optionalDependencies:
      '@biomejs/cli-darwin-arm64': 1.8.3
      '@biomejs/cli-darwin-x64': 1.8.3
      '@biomejs/cli-linux-arm64': 1.8.3
      '@biomejs/cli-linux-arm64-musl': 1.8.3
      '@biomejs/cli-linux-x64': 1.8.3
      '@biomejs/cli-linux-x64-musl': 1.8.3
      '@biomejs/cli-win32-arm64': 1.8.3
      '@biomejs/cli-win32-x64': 1.8.3

  '@biomejs/cli-darwin-arm64@1.8.3':
    optional: true

  '@biomejs/cli-darwin-x64@1.8.3':
    optional: true

  '@biomejs/cli-linux-arm64-musl@1.8.3':
    optional: true

  '@biomejs/cli-linux-arm64@1.8.3':
    optional: true

  '@biomejs/cli-linux-x64-musl@1.8.3':
    optional: true

  '@biomejs/cli-linux-x64@1.8.3':
    optional: true

  '@biomejs/cli-win32-arm64@1.8.3':
    optional: true

  '@biomejs/cli-win32-x64@1.8.3':
    optional: true

  '@cspell/cspell-bundled-dicts@8.13.1':
    dependencies:
      '@cspell/dict-ada': 4.0.2
      '@cspell/dict-aws': 4.0.3
      '@cspell/dict-bash': 4.1.3
      '@cspell/dict-companies': 3.1.4
      '@cspell/dict-cpp': 5.1.12
      '@cspell/dict-cryptocurrencies': 5.0.0
      '@cspell/dict-csharp': 4.0.2
      '@cspell/dict-css': 4.0.12
      '@cspell/dict-dart': 2.0.3
      '@cspell/dict-django': 4.1.0
      '@cspell/dict-docker': 1.1.7
      '@cspell/dict-dotnet': 5.0.2
      '@cspell/dict-elixir': 4.0.3
      '@cspell/dict-en-common-misspellings': 2.0.3
      '@cspell/dict-en-gb': 1.1.33
      '@cspell/dict-en_us': 4.3.23
      '@cspell/dict-filetypes': 3.0.4
      '@cspell/dict-fonts': 4.0.0
      '@cspell/dict-fsharp': 1.0.1
      '@cspell/dict-fullstack': 3.2.0
      '@cspell/dict-gaming-terms': 1.0.5
      '@cspell/dict-git': 3.0.0
      '@cspell/dict-golang': 6.0.9
      '@cspell/dict-google': 1.0.1
      '@cspell/dict-haskell': 4.0.1
      '@cspell/dict-html': 4.0.5
      '@cspell/dict-html-symbol-entities': 4.0.0
      '@cspell/dict-java': 5.0.7
      '@cspell/dict-julia': 1.0.1
      '@cspell/dict-k8s': 1.0.6
      '@cspell/dict-latex': 4.0.0
      '@cspell/dict-lorem-ipsum': 4.0.0
      '@cspell/dict-lua': 4.0.3
      '@cspell/dict-makefile': 1.0.0
      '@cspell/dict-monkeyc': 1.0.6
      '@cspell/dict-node': 5.0.1
      '@cspell/dict-npm': 5.0.18
      '@cspell/dict-php': 4.0.8
      '@cspell/dict-powershell': 5.0.5
      '@cspell/dict-public-licenses': 2.0.7
      '@cspell/dict-python': 4.2.3
      '@cspell/dict-r': 2.0.1
      '@cspell/dict-ruby': 5.0.2
      '@cspell/dict-rust': 4.0.5
      '@cspell/dict-scala': 5.0.3
      '@cspell/dict-software-terms': 4.0.4
      '@cspell/dict-sql': 2.1.3
      '@cspell/dict-svelte': 1.0.2
      '@cspell/dict-swift': 2.0.1
      '@cspell/dict-terraform': 1.0.0
      '@cspell/dict-typescript': 3.1.6
      '@cspell/dict-vue': 3.0.0

  '@cspell/cspell-json-reporter@8.13.1':
    dependencies:
      '@cspell/cspell-types': 8.13.1

  '@cspell/cspell-pipe@8.13.1': {}

  '@cspell/cspell-resolver@8.13.1':
    dependencies:
      global-directory: 4.0.1

  '@cspell/cspell-service-bus@8.13.1': {}

  '@cspell/cspell-types@8.13.1': {}

  '@cspell/dict-ada@4.0.2': {}

  '@cspell/dict-aws@4.0.3': {}

  '@cspell/dict-bash@4.1.3': {}

  '@cspell/dict-companies@3.1.4': {}

  '@cspell/dict-cpp@5.1.12': {}

  '@cspell/dict-cryptocurrencies@5.0.0': {}

  '@cspell/dict-csharp@4.0.2': {}

  '@cspell/dict-css@4.0.12': {}

  '@cspell/dict-dart@2.0.3': {}

  '@cspell/dict-data-science@2.0.1': {}

  '@cspell/dict-django@4.1.0': {}

  '@cspell/dict-docker@1.1.7': {}

  '@cspell/dict-dotnet@5.0.2': {}

  '@cspell/dict-elixir@4.0.3': {}

  '@cspell/dict-en-common-misspellings@2.0.3': {}

  '@cspell/dict-en-gb@1.1.33': {}

  '@cspell/dict-en_us@4.3.23': {}

  '@cspell/dict-filetypes@3.0.4': {}

  '@cspell/dict-fonts@4.0.0': {}

  '@cspell/dict-fsharp@1.0.1': {}

  '@cspell/dict-fullstack@3.2.0': {}

  '@cspell/dict-gaming-terms@1.0.5': {}

  '@cspell/dict-git@3.0.0': {}

  '@cspell/dict-golang@6.0.9': {}

  '@cspell/dict-google@1.0.1': {}

  '@cspell/dict-haskell@4.0.1': {}

  '@cspell/dict-html-symbol-entities@4.0.0': {}

  '@cspell/dict-html@4.0.5': {}

  '@cspell/dict-java@5.0.7': {}

  '@cspell/dict-julia@1.0.1': {}

  '@cspell/dict-k8s@1.0.6': {}

  '@cspell/dict-latex@4.0.0': {}

  '@cspell/dict-lorem-ipsum@4.0.0': {}

  '@cspell/dict-lua@4.0.3': {}

  '@cspell/dict-makefile@1.0.0': {}

  '@cspell/dict-monkeyc@1.0.6': {}

  '@cspell/dict-node@5.0.1': {}

  '@cspell/dict-npm@5.0.18': {}

  '@cspell/dict-php@4.0.8': {}

  '@cspell/dict-powershell@5.0.5': {}

  '@cspell/dict-public-licenses@2.0.7': {}

  '@cspell/dict-python@4.2.3':
    dependencies:
      '@cspell/dict-data-science': 2.0.1

  '@cspell/dict-r@2.0.1': {}

  '@cspell/dict-ruby@5.0.2': {}

  '@cspell/dict-rust@4.0.5': {}

  '@cspell/dict-scala@5.0.3': {}

  '@cspell/dict-software-terms@4.0.4': {}

  '@cspell/dict-sql@2.1.3': {}

  '@cspell/dict-svelte@1.0.2': {}

  '@cspell/dict-swift@2.0.1': {}

  '@cspell/dict-terraform@1.0.0': {}

  '@cspell/dict-typescript@3.1.6': {}

  '@cspell/dict-vue@3.0.0': {}

  '@cspell/dynamic-import@8.13.1':
    dependencies:
      import-meta-resolve: 4.1.0

  '@cspell/strong-weak-map@8.13.1': {}

  '@cspell/url@8.13.1': {}

  '@isaacs/cliui@8.0.2':
    dependencies:
      string-width: 5.1.2
      string-width-cjs: string-width@4.2.3
      strip-ansi: 7.1.0
      strip-ansi-cjs: strip-ansi@6.0.1
      wrap-ansi: 8.1.0
      wrap-ansi-cjs: wrap-ansi@7.0.0

  '@nodelib/fs.scandir@2.1.5':
    dependencies:
      '@nodelib/fs.stat': 2.0.5
      run-parallel: 1.2.0

  '@nodelib/fs.stat@2.0.5': {}

  '@nodelib/fs.walk@1.2.8':
    dependencies:
      '@nodelib/fs.scandir': 2.1.5
      fastq: 1.17.1

  '@pkgjs/parseargs@0.11.0':
    optional: true

  ansi-regex@5.0.1: {}

  ansi-regex@6.0.1: {}

  ansi-styles@4.3.0:
    dependencies:
      color-convert: 2.0.1

  ansi-styles@6.2.1: {}

  argparse@2.0.1: {}

  array-timsort@1.0.3: {}

  balanced-match@1.0.2: {}

  brace-expansion@2.0.1:
    dependencies:
      balanced-match: 1.0.2

  braces@3.0.3:
    dependencies:
      fill-range: 7.1.1

  callsites@3.1.0: {}

  chalk-template@1.1.0:
    dependencies:
      chalk: 5.3.0

  chalk@5.3.0: {}

  clear-module@4.1.2:
    dependencies:
      parent-module: 2.0.0
      resolve-from: 5.0.0

  color-convert@2.0.1:
    dependencies:
      color-name: 1.1.4

  color-name@1.1.4: {}

  commander@12.1.0: {}

  comment-json@4.2.4:
    dependencies:
      array-timsort: 1.0.3
      core-util-is: 1.0.3
      esprima: 4.0.1
      has-own-prop: 2.0.0
      repeat-string: 1.6.1

  core-util-is@1.0.3: {}

  cross-spawn@7.0.3:
    dependencies:
      path-key: 3.1.1
      shebang-command: 2.0.0
      which: 2.0.2

  cspell-config-lib@8.13.1:
    dependencies:
      '@cspell/cspell-types': 8.13.1
      comment-json: 4.2.4
      yaml: 2.5.0

  cspell-dictionary@8.13.1:
    dependencies:
      '@cspell/cspell-pipe': 8.13.1
      '@cspell/cspell-types': 8.13.1
      cspell-trie-lib: 8.13.1
      fast-equals: 5.0.1

  cspell-gitignore@8.13.1:
    dependencies:
      '@cspell/url': 8.13.1
      cspell-glob: 8.13.1
      cspell-io: 8.13.1
      find-up-simple: 1.0.0

  cspell-glob@8.13.1:
    dependencies:
      '@cspell/url': 8.13.1
      micromatch: 4.0.7

  cspell-grammar@8.13.1:
    dependencies:
      '@cspell/cspell-pipe': 8.13.1
      '@cspell/cspell-types': 8.13.1

  cspell-io@8.13.1:
    dependencies:
      '@cspell/cspell-service-bus': 8.13.1
      '@cspell/url': 8.13.1

  cspell-lib@8.13.1:
    dependencies:
      '@cspell/cspell-bundled-dicts': 8.13.1
      '@cspell/cspell-pipe': 8.13.1
      '@cspell/cspell-resolver': 8.13.1
      '@cspell/cspell-types': 8.13.1
      '@cspell/dynamic-import': 8.13.1
      '@cspell/strong-weak-map': 8.13.1
      '@cspell/url': 8.13.1
      clear-module: 4.1.2
      comment-json: 4.2.4
      cspell-config-lib: 8.13.1
      cspell-dictionary: 8.13.1
      cspell-glob: 8.13.1
      cspell-grammar: 8.13.1
      cspell-io: 8.13.1
      cspell-trie-lib: 8.13.1
      env-paths: 3.0.0
      fast-equals: 5.0.1
      gensequence: 7.0.0
      import-fresh: 3.3.0
      resolve-from: 5.0.0
      vscode-languageserver-textdocument: 1.0.12
      vscode-uri: 3.0.8
      xdg-basedir: 5.1.0

  cspell-trie-lib@8.13.1:
    dependencies:
      '@cspell/cspell-pipe': 8.13.1
      '@cspell/cspell-types': 8.13.1
      gensequence: 7.0.0

  cspell@8.13.1:
    dependencies:
      '@cspell/cspell-json-reporter': 8.13.1
      '@cspell/cspell-pipe': 8.13.1
      '@cspell/cspell-types': 8.13.1
      '@cspell/dynamic-import': 8.13.1
      '@cspell/url': 8.13.1
      chalk: 5.3.0
      chalk-template: 1.1.0
      commander: 12.1.0
      cspell-dictionary: 8.13.1
      cspell-gitignore: 8.13.1
      cspell-glob: 8.13.1
      cspell-io: 8.13.1
      cspell-lib: 8.13.1
      fast-glob: 3.3.2
      fast-json-stable-stringify: 2.1.0
      file-entry-cache: 9.0.0
      get-stdin: 9.0.0
      semver: 7.6.3
      strip-ansi: 7.1.0

  deep-extend@0.6.0: {}

  eastasianwidth@0.2.0: {}

  emoji-regex@8.0.0: {}

  emoji-regex@9.2.2: {}

  entities@4.5.0: {}

  env-paths@3.0.0: {}

  esprima@4.0.1: {}

  fast-equals@5.0.1: {}

  fast-glob@3.3.2:
    dependencies:
      '@nodelib/fs.stat': 2.0.5
      '@nodelib/fs.walk': 1.2.8
      glob-parent: 5.1.2
      merge2: 1.4.1
      micromatch: 4.0.7

  fast-json-stable-stringify@2.1.0: {}

  fastq@1.17.1:
    dependencies:
      reusify: 1.0.4

  file-entry-cache@9.0.0:
    dependencies:
      flat-cache: 5.0.0

  fill-range@7.1.1:
    dependencies:
      to-regex-range: 5.0.1

  find-up-simple@1.0.0: {}

  flat-cache@5.0.0:
    dependencies:
      flatted: 3.3.1
      keyv: 4.5.4

  flatted@3.3.1: {}

  foreground-child@3.2.1:
    dependencies:
      cross-spawn: 7.0.3
      signal-exit: 4.1.0

  gensequence@7.0.0: {}

  get-stdin@9.0.0: {}

  glob-parent@5.1.2:
    dependencies:
      is-glob: 4.0.3

  glob@10.4.5:
    dependencies:
      foreground-child: 3.2.1
      jackspeak: 3.4.3
      minimatch: 9.0.5
      minipass: 7.1.2
      package-json-from-dist: 1.0.0
      path-scurry: 1.11.1

  global-directory@4.0.1:
    dependencies:
      ini: 4.1.1

  has-own-prop@2.0.0: {}

  husky@9.1.4: {}

  ignore@5.3.1: {}

  import-fresh@3.3.0:
    dependencies:
      parent-module: 1.0.1
      resolve-from: 4.0.0

  import-meta-resolve@4.1.0: {}

  ini@4.1.1: {}

  ini@4.1.3: {}

  is-extglob@2.1.1: {}

  is-fullwidth-code-point@3.0.0: {}

  is-glob@4.0.3:
    dependencies:
      is-extglob: 2.1.1

  is-number@7.0.0: {}

  isexe@2.0.0: {}

  jackspeak@3.4.3:
    dependencies:
      '@isaacs/cliui': 8.0.2
    optionalDependencies:
      '@pkgjs/parseargs': 0.11.0

  js-yaml@4.1.0:
    dependencies:
      argparse: 2.0.1

  json-buffer@3.0.1: {}

  jsonc-parser@3.2.1: {}

  jsonpointer@5.0.1: {}

  keyv@4.5.4:
    dependencies:
      json-buffer: 3.0.1

  linkify-it@5.0.0:
    dependencies:
      uc.micro: 2.1.0

  lru-cache@10.4.3: {}

  markdown-it@14.1.0:
    dependencies:
      argparse: 2.0.1
      entities: 4.5.0
      linkify-it: 5.0.0
      mdurl: 2.0.0
      punycode.js: 2.3.1
      uc.micro: 2.1.0

  markdownlint-cli@0.41.0:
    dependencies:
      commander: 12.1.0
      get-stdin: 9.0.0
      glob: 10.4.5
      ignore: 5.3.1
      js-yaml: 4.1.0
      jsonc-parser: 3.2.1
      jsonpointer: 5.0.1
      markdownlint: 0.34.0
      minimatch: 9.0.5
      run-con: 1.3.2
      smol-toml: 1.2.2

  markdownlint-micromark@0.1.9: {}

  markdownlint@0.34.0:
    dependencies:
      markdown-it: 14.1.0
      markdownlint-micromark: 0.1.9

  mdurl@2.0.0: {}

  merge2@1.4.1: {}

  micromatch@4.0.7:
    dependencies:
      braces: 3.0.3
      picomatch: 2.3.1

  minimatch@9.0.5:
    dependencies:
      brace-expansion: 2.0.1

  minimist@1.2.8: {}

  minipass@7.1.2: {}

  package-json-from-dist@1.0.0: {}

  parent-module@1.0.1:
    dependencies:
      callsites: 3.1.0

  parent-module@2.0.0:
    dependencies:
      callsites: 3.1.0

  path-key@3.1.1: {}

  path-scurry@1.11.1:
    dependencies:
      lru-cache: 10.4.3
      minipass: 7.1.2

  picomatch@2.3.1: {}

  punycode.js@2.3.1: {}

  queue-microtask@1.2.3: {}

  repeat-string@1.6.1: {}

  resolve-from@4.0.0: {}

  resolve-from@5.0.0: {}

  reusify@1.0.4: {}

  run-con@1.3.2:
    dependencies:
      deep-extend: 0.6.0
      ini: 4.1.3
      minimist: 1.2.8
      strip-json-comments: 3.1.1

  run-parallel@1.2.0:
    dependencies:
      queue-microtask: 1.2.3

  semver@7.6.3: {}

  shebang-command@2.0.0:
    dependencies:
      shebang-regex: 3.0.0

  shebang-regex@3.0.0: {}

  signal-exit@4.1.0: {}

  smol-toml@1.2.2: {}

  string-width@4.2.3:
    dependencies:
      emoji-regex: 8.0.0
      is-fullwidth-code-point: 3.0.0
      strip-ansi: 6.0.1

  string-width@5.1.2:
    dependencies:
      eastasianwidth: 0.2.0
      emoji-regex: 9.2.2
      strip-ansi: 7.1.0

  strip-ansi@6.0.1:
    dependencies:
      ansi-regex: 5.0.1

  strip-ansi@7.1.0:
    dependencies:
      ansi-regex: 6.0.1

  strip-json-comments@3.1.1: {}

  to-regex-range@5.0.1:
    dependencies:
      is-number: 7.0.0

  uc.micro@2.1.0: {}

  vscode-languageserver-textdocument@1.0.12: {}

  vscode-uri@3.0.8: {}

  which@2.0.2:
    dependencies:
      isexe: 2.0.0

  wrap-ansi@7.0.0:
    dependencies:
      ansi-styles: 4.3.0
      string-width: 4.2.3
      strip-ansi: 6.0.1

  wrap-ansi@8.1.0:
    dependencies:
      ansi-styles: 6.2.1
      string-width: 5.1.2
      strip-ansi: 7.1.0

  xdg-basedir@5.1.0: {}

  yaml@2.5.0: {}
